
Microsoft Visual Studio Solution File, Format Version 12.00
# Visual Studio Version 17
VisualStudioVersion = 17.7.34202.233
MinimumVisualStudioVersion = 10.0.40219.1
Project("{FAE04EC0-301F-11D3-BF4B-00C04F79EFBC}") = "Movie_Api", "Movie_Api\Movie_Api.csproj", "{C75660C6-B594-42A0-AF2D-27693BA8B240}"
EndProject
Global
	GlobalSection(SolutionConfigurationPlatforms) = preSolution
		Debug|Any CPU = Debug|Any CPU
		Release|Any CPU = Release|Any CPU
	EndGlobalSection
	GlobalSection(ProjectConfigurationPlatforms) = postSolution
		{C75660C6-B594-42A0-AF2D-27693BA8B240}.Debug|Any CPU.ActiveCfg = Debug|Any CPU
		{C75660C6-B594-42A0-AF2D-27693BA8B240}.Debug|Any CPU.Build.0 = Debug|Any CPU
		{C75660C6-B594-42A0-AF2D-27693BA8B240}.Release|Any CPU.ActiveCfg = Release|Any CPU
		{C75660C6-B594-42A0-AF2D-27693BA8B240}.Release|Any CPU.Build.0 = Release|Any CPU
	EndGlobalSection
	GlobalSection(SolutionProperties) = preSolution
		HideSolutionNode = FALSE
	EndGlobalSection
	GlobalSection(ExtensibilityGlobals) = postSolution
		SolutionGuid = {01868155-DB89-4ADE-9A37-EBB96683D58C}
	EndGlobalSection
EndGlobal
